
Microsoft Visual Studio Solution File, Format Version 12.00
# Visual Studio Version 16
VisualStudioVersion = 16.0.31515.178
MinimumVisualStudioVersion = 10.0.40219.1
Project("{FAE04EC0-301F-11D3-BF4B-00C04F79EFBC}") = "WebSiteBanHang", "WebSiteBanHang\WebSiteBanHang.csproj", "{4938B84A-91BC-472A-B994-E55A47351CAC}"
EndProject
Global
	GlobalSection(SolutionConfigurationPlatforms) = preSolution
		Debug|Any CPU = Debug|Any CPU
		Release|Any CPU = Release|Any CPU
	EndGlobalSection
	GlobalSection(ProjectConfigurationPlatforms) = postSolution
		{4938B84A-91BC-472A-B994-E55A47351CAC}.Debug|Any CPU.ActiveCfg = Debug|Any CPU
		{4938B84A-91BC-472A-B994-E55A47351CAC}.Debug|Any CPU.Build.0 = Debug|Any CPU
		{4938B84A-91BC-472A-B994-E55A47351CAC}.Release|Any CPU.ActiveCfg = Release|Any CPU
		{4938B84A-91BC-472A-B994-E55A47351CAC}.Release|Any CPU.Build.0 = Release|Any CPU
	EndGlobalSection
	GlobalSection(SolutionProperties) = preSolution
		HideSolutionNode = FALSE
	EndGlobalSection
	GlobalSection(ExtensibilityGlobals) = postSolution
		SolutionGuid = {463B7F9B-0B00-4D23-9BAD-5EA78497BD39}
	EndGlobalSection
EndGlobal
